Microsoft Visual Studio Solution File, Format Version 11.00
# Visual Studio 2008

Project("{41549D12-86EE-B1CA-9B26-3434188F1590}") = "TD - March3rd2013", "Assembly-CSharp.csproj", "{FF862A9D-7BCE-7F2C-5034-65C0D42CA871}"
EndProject
Project("{41549D12-86EE-B1CA-9B26-3434188F1590}") = "TD - March3rd2013", "Assembly-CSharp-Editor.csproj", "{7B0613E1-243E-12CB-350D-34D32DD13057}"
EndProject
Project("{41549D12-86EE-B1CA-9B26-3434188F1590}") = "TD - March3rd2013", "Assembly-UnityScript.unityproj", "{CA1AFA5E-619A-6086-169C-4E7760B895A5}"
EndProject
Global
	GlobalSection(SolutionConfigurationPlatforms) = preSolution
		Debug|Any CPU = Debug|Any CPU
		Release|Any CPU = Release|Any CPU
	EndGlobalSection
	GlobalSection(ProjectConfigurationPlatforms) = postSolution
		{FF862A9D-7BCE-7F2C-5034-65C0D42CA871}.Debug|Any CPU.ActiveCfg = Debug|Any CPU
		{FF862A9D-7BCE-7F2C-5034-65C0D42CA871}.Debug|Any CPU.Build.0 = Debug|Any CPU
		{FF862A9D-7BCE-7F2C-5034-65C0D42CA871}.Release|Any CPU.ActiveCfg = Release|Any CPU
		{FF862A9D-7BCE-7F2C-5034-65C0D42CA871}.Release|Any CPU.Build.0 = Release|Any CPU
		{7B0613E1-243E-12CB-350D-34D32DD13057}.Debug|Any CPU.ActiveCfg = Debug|Any CPU
		{7B0613E1-243E-12CB-350D-34D32DD13057}.Debug|Any CPU.Build.0 = Debug|Any CPU
		{7B0613E1-243E-12CB-350D-34D32DD13057}.Release|Any CPU.ActiveCfg = Release|Any CPU
		{7B0613E1-243E-12CB-350D-34D32DD13057}.Release|Any CPU.Build.0 = Release|Any CPU
		{CA1AFA5E-619A-6086-169C-4E7760B895A5}.Debug|Any CPU.ActiveCfg = Debug|Any CPU
		{CA1AFA5E-619A-6086-169C-4E7760B895A5}.Debug|Any CPU.Build.0 = Debug|Any CPU
		{CA1AFA5E-619A-6086-169C-4E7760B895A5}.Release|Any CPU.ActiveCfg = Release|Any CPU
		{CA1AFA5E-619A-6086-169C-4E7760B895A5}.Release|Any CPU.Build.0 = Release|Any CPU
	EndGlobalSection
	GlobalSection(SolutionProperties) = preSolution
		HideSolutionNode = FALSE
	EndGlobalSection
																																																													GlobalSection(MonoDevelopProperties) = preSolution
		StartupItem = Assembly-CSharp.csproj
		Policies = $0
		$0.TextStylePolicy = $1
		$1.inheritsSet = null
		$1.scope = text/x-csharp
		$0.CSharpFormattingPolicy = $2
		$2.inheritsSet = Mono
		$2.inheritsScope = text/x-csharp
		$2.scope = text/x-csharp
		$0.TextStylePolicy = $3
		$3.FileWidth = 120
		$3.TabWidth = 4
		$3.EolMarker = Unix
		$3.inheritsSet = Mono
		$3.inheritsScope = text/plain
		$3.scope = text/plain
	EndGlobalSection

EndGlobal
