Microsoft Visual Studio Solution File, Format Version 11.00
# Visual Studio 2008

Project("{46E2598F-241E-D0E5-7EA1-5E78CDA70F4F}") = "TD - March8rd2013", "Assembly-CSharp.csproj", "{53B30625-3861-79BD-880C-BED6966DA8F7}"
EndProject
Project("{46E2598F-241E-D0E5-7EA1-5E78CDA70F4F}") = "TD - March8rd2013", "Assembly-CSharp-Editor.csproj", "{17CFF436-A281-B97D-CAE2-1E99BBB3AF5F}"
EndProject
Project("{46E2598F-241E-D0E5-7EA1-5E78CDA70F4F}") = "TD - March8rd2013", "Assembly-UnityScript.unityproj", "{1A933A98-3237-24B5-AEE0-501D4F929581}"
EndProject
Global
	GlobalSection(SolutionConfigurationPlatforms) = preSolution
		Debug|Any CPU = Debug|Any CPU
		Release|Any CPU = Release|Any CPU
	EndGlobalSection
	GlobalSection(ProjectConfigurationPlatforms) = postSolution
		{53B30625-3861-79BD-880C-BED6966DA8F7}.Debug|Any CPU.ActiveCfg = Debug|Any CPU
		{53B30625-3861-79BD-880C-BED6966DA8F7}.Debug|Any CPU.Build.0 = Debug|Any CPU
		{53B30625-3861-79BD-880C-BED6966DA8F7}.Release|Any CPU.ActiveCfg = Release|Any CPU
		{53B30625-3861-79BD-880C-BED6966DA8F7}.Release|Any CPU.Build.0 = Release|Any CPU
		{17CFF436-A281-B97D-CAE2-1E99BBB3AF5F}.Debug|Any CPU.ActiveCfg = Debug|Any CPU
		{17CFF436-A281-B97D-CAE2-1E99BBB3AF5F}.Debug|Any CPU.Build.0 = Debug|Any CPU
		{17CFF436-A281-B97D-CAE2-1E99BBB3AF5F}.Release|Any CPU.ActiveCfg = Release|Any CPU
		{17CFF436-A281-B97D-CAE2-1E99BBB3AF5F}.Release|Any CPU.Build.0 = Release|Any CPU
		{1A933A98-3237-24B5-AEE0-501D4F929581}.Debug|Any CPU.ActiveCfg = Debug|Any CPU
		{1A933A98-3237-24B5-AEE0-501D4F929581}.Debug|Any CPU.Build.0 = Debug|Any CPU
		{1A933A98-3237-24B5-AEE0-501D4F929581}.Release|Any CPU.ActiveCfg = Release|Any CPU
		{1A933A98-3237-24B5-AEE0-501D4F929581}.Release|Any CPU.Build.0 = Release|Any CPU
	EndGlobalSection
	GlobalSection(SolutionProperties) = preSolution
		HideSolutionNode = FALSE
	EndGlobalSection
		GlobalSection(MonoDevelopProperties) = preSolution
		StartupItem = Assembly-CSharp.csproj
		Policies = $0
		$0.TextStylePolicy = $1
		$1.inheritsSet = null
		$1.scope = text/x-csharp
		$0.CSharpFormattingPolicy = $2
		$2.inheritsSet = Mono
		$2.inheritsScope = text/x-csharp
		$2.scope = text/x-csharp
		$0.TextStylePolicy = $3
		$3.FileWidth = 120
		$3.TabWidth = 4
		$3.EolMarker = Unix
		$3.inheritsSet = Mono
		$3.inheritsScope = text/plain
		$3.scope = text/plain
	EndGlobalSection

EndGlobal
